
Microsoft Visual Studio Solution File, Format Version 12.00
# Visual Studio Version 17
VisualStudioVersion = 17.2.32602.215
MinimumVisualStudioVersion = 10.0.40219.1
Project("{FAE04EC0-301F-11D3-BF4B-00C04F79EFBC}") = "Vending Machine", "Vending Machine\Vending Machine.csproj", "{21980429-70A5-4B02-B03E-8CDCEA29B540}"
EndProject
Global
	GlobalSection(SolutionConfigurationPlatforms) = preSolution
		Debug|Any CPU = Debug|Any CPU
		Release|Any CPU = Release|Any CPU
	EndGlobalSection
	GlobalSection(ProjectConfigurationPlatforms) = postSolution
		{21980429-70A5-4B02-B03E-8CDCEA29B540}.Debug|Any CPU.ActiveCfg = Debug|Any CPU
		{21980429-70A5-4B02-B03E-8CDCEA29B540}.Debug|Any CPU.Build.0 = Debug|Any CPU
		{21980429-70A5-4B02-B03E-8CDCEA29B540}.Release|Any CPU.ActiveCfg = Release|Any CPU
		{21980429-70A5-4B02-B03E-8CDCEA29B540}.Release|Any CPU.Build.0 = Release|Any CPU
	EndGlobalSection
	GlobalSection(SolutionProperties) = preSolution
		HideSolutionNode = FALSE
	EndGlobalSection
	GlobalSection(ExtensibilityGlobals) = postSolution
		SolutionGuid = {98102AFA-3F73-462B-A79C-6C5392D3D472}
	EndGlobalSection
EndGlobal
